{
  "originHash" : "8b3a4770ce1f35558edd6efa37267a29f0bf6aefc44625b009cc28c562972d32",
  "pins" : [
    {
      "identity" : "simplekeychain",
      "kind" : "remoteSourceControl",
      "location" : "https://github.com/auth0/SimpleKeychain.git",
      "state" : {
        "revision" : "b694f155907b189bc82e93586695a26f558c742f",
        "version" : "1.2.0"
      }
    }
  ],
  "version" : 3
}
