// !$*UTF8*$!
{
	archiveVersion = 1;
	classes = {
	};
	objectVersion = 77;
	objects = {

/* Begin PBXBuildFile section */
		729FDE162CD28E0000F9C060 /* BiometricsVault in Frameworks */ = {isa = PBXBuildFile; productRef = 729FDE152CD28E0000F9C060 /* BiometricsVault */; };
/* End PBXBuildFile section */

/* Begin PBXContainerItemProxy section */
		72293C272CD268D90002FC19 /* PBXContainerItemProxy */ = {
			isa = PBXContainerItemProxy;
			containerPortal = 72293C0E2CD268D80002FC19 /* Project object */;
			proxyType = 1;
			remoteGlobalIDString = 72293C152CD268D80002FC19;
			remoteInfo = BiometricsPlayground;
		};
		72293C312CD268D90002FC19 /* PBXContainerItemProxy */ = {
			isa = PBXContainerItemProxy;
			containerPortal = 72293C0E2CD268D80002FC19 /* Project object */;
			proxyType = 1;
			remoteGlobalIDString = 72293C152CD268D80002FC19;
			remoteInfo = BiometricsPlayground;
		};
/* End PBXContainerItemProxy section */

/* Begin PBXFileReference section */
		72293C162CD268D80002FC19 /* BiometricsPlayground.app */ = {isa = PBXFileReference; explicitFileType = wrapper.application; includeInIndex = 0; path = BiometricsPlayground.app; sourceTree = BUILT_PRODUCTS_DIR; };
		72293C262CD268D90002FC19 /* BiometricsPlaygroundTests.xctest */ = {isa = PBXFileReference; explicitFileType = wrapper.cfbundle; includeInIndex = 0; path = BiometricsPlaygroundTests.xctest; sourceTree = BUILT_PRODUCTS_DIR; };
		72293C302CD268D90002FC19 /* BiometricsPlaygroundUITests.xctest */ = {isa = PBXFileReference; explicitFileType = wrapper.cfbundle; includeInIndex = 0; path = BiometricsPlaygroundUITests.xctest; sourceTree = BUILT_PRODUCTS_DIR; };
/* End PBXFileReference section */

/* Begin PBXFileSystemSynchronizedRootGroup section */
		72293C182CD268D80002FC19 /* BiometricsPlayground */ = {
			isa = PBXFileSystemSynchronizedRootGroup;
			path = BiometricsPlayground;
			sourceTree = "<group>";
		};
		72293C292CD268D90002FC19 /* BiometricsPlaygroundTests */ = {
			isa = PBXFileSystemSynchronizedRootGroup;
			path = BiometricsPlaygroundTests;
			sourceTree = "<group>";
		};
		72293C332CD268D90002FC19 /* BiometricsPlaygroundUITests */ = {
			isa = PBXFileSystemSynchronizedRootGroup;
			path = BiometricsPlaygroundUITests;
			sourceTree = "<group>";
		};
/* End PBXFileSystemSynchronizedRootGroup section */

/* Begin PBXFrameworksBuildPhase section */
		72293C132CD268D80002FC19 /* Frameworks */ = {
			isa = PBXFrameworksBuildPhase;
			buildActionMask = 2147483647;
			files = (
				729FDE162CD28E0000F9C060 /* BiometricsVault in Frameworks */,
			);
			runOnlyForDeploymentPostprocessing = 0;
		};
		72293C232CD268D90002FC19 /* Frameworks */ = {
			isa = PBXFrameworksBuildPhase;
			buildActionMask = 2147483647;
			files = (
			);
			runOnlyForDeploymentPostprocessing = 0;
		};
		72293C2D2CD268D90002FC19 /* Frameworks */ = {
			isa = PBXFrameworksBuildPhase;
			buildActionMask = 2147483647;
			files = (
			);
			runOnlyForDeploymentPostprocessing = 0;
		};
/* End PBXFrameworksBuildPhase section */

/* Begin PBXGroup section */
		72293C0D2CD268D80002FC19 = {
			isa = PBXGroup;
			children = (
				72293C182CD268D80002FC19 /* BiometricsPlayground */,
				72293C292CD268D90002FC19 /* BiometricsPlaygroundTests */,
				72293C332CD268D90002FC19 /* BiometricsPlaygroundUITests */,
				72293C172CD268D80002FC19 /* Products */,
			);
			sourceTree = "<group>";
		};
		72293C172CD268D80002FC19 /* Products */ = {
			isa = PBXGroup;
			children = (
				72293C162CD268D80002FC19 /* BiometricsPlayground.app */,
				72293C262CD268D90002FC19 /* BiometricsPlaygroundTests.xctest */,
				72293C302CD268D90002FC19 /* BiometricsPlaygroundUITests.xctest */,
			);
			name = Products;
			sourceTree = "<group>";
		};
/* End PBXGroup section */

/* Begin PBXNativeTarget section */
		72293C152CD268D80002FC19 /* BiometricsPlayground */ = {
			isa = PBXNativeTarget;
			buildConfigurationList = 72293C3A2CD268D90002FC19 /* Build configuration list for PBXNativeTarget "BiometricsPlayground" */;
			buildPhases = (
				72293C122CD268D80002FC19 /* Sources */,
				72293C132CD268D80002FC19 /* Frameworks */,
				72293C142CD268D80002FC19 /* Resources */,
			);
			buildRules = (
			);
			dependencies = (
			);
			fileSystemSynchronizedGroups = (
				72293C182CD268D80002FC19 /* BiometricsPlayground */,
			);
			name = BiometricsPlayground;
			packageProductDependencies = (
				729FDE152CD28E0000F9C060 /* BiometricsVault */,
			);
			productName = BiometricsPlayground;
			productReference = 72293C162CD268D80002FC19 /* BiometricsPlayground.app */;
			productType = "com.apple.product-type.application";
		};
		72293C252CD268D90002FC19 /* BiometricsPlaygroundTests */ = {
			isa = PBXNativeTarget;
			buildConfigurationList = 72293C3D2CD268D90002FC19 /* Build configuration list for PBXNativeTarget "BiometricsPlaygroundTests" */;
			buildPhases = (
				72293C222CD268D90002FC19 /* Sources */,
				72293C232CD268D90002FC19 /* Frameworks */,
				72293C242CD268D90002FC19 /* Resources */,
			);
			buildRules = (
			);
			dependencies = (
				72293C282CD268D90002FC19 /* PBXTargetDependency */,
			);
			fileSystemSynchronizedGroups = (
				72293C292CD268D90002FC19 /* BiometricsPlaygroundTests */,
			);
			name = BiometricsPlaygroundTests;
			packageProductDependencies = (
			);
			productName = BiometricsPlaygroundTests;
			productReference = 72293C262CD268D90002FC19 /* BiometricsPlaygroundTests.xctest */;
			productType = "com.apple.product-type.bundle.unit-test";
		};
		72293C2F2CD268D90002FC19 /* BiometricsPlaygroundUITests */ = {
			isa = PBXNativeTarget;
			buildConfigurationList = 72293C402CD268D90002FC19 /* Build configuration list for PBXNativeTarget "BiometricsPlaygroundUITests" */;
			buildPhases = (
				72293C2C2CD268D90002FC19 /* Sources */,
				72293C2D2CD268D90002FC19 /* Frameworks */,
				72293C2E2CD268D90002FC19 /* Resources */,
			);
			buildRules = (
			);
			dependencies = (
				72293C322CD268D90002FC19 /* PBXTargetDependency */,
			);
			fileSystemSynchronizedGroups = (
				72293C332CD268D90002FC19 /* BiometricsPlaygroundUITests */,
			);
			name = BiometricsPlaygroundUITests;
			packageProductDependencies = (
			);
			productName = BiometricsPlaygroundUITests;
			productReference = 72293C302CD268D90002FC19 /* BiometricsPlaygroundUITests.xctest */;
			productType = "com.apple.product-type.bundle.ui-testing";
		};
/* End PBXNativeTarget section */

/* Begin PBXProject section */
		72293C0E2CD268D80002FC19 /* Project object */ = {
			isa = PBXProject;
			attributes = {
				BuildIndependentTargetsInParallel = 1;
				LastSwiftUpdateCheck = 1610;
				LastUpgradeCheck = 1610;
				TargetAttributes = {
					72293C152CD268D80002FC19 = {
						CreatedOnToolsVersion = 16.1;
					};
					72293C252CD268D90002FC19 = {
						CreatedOnToolsVersion = 16.1;
						TestTargetID = 72293C152CD268D80002FC19;
					};
					72293C2F2CD268D90002FC19 = {
						CreatedOnToolsVersion = 16.1;
						TestTargetID = 72293C152CD268D80002FC19;
					};
				};
			};
			buildConfigurationList = 72293C112CD268D80002FC19 /* Build configuration list for PBXProject "BiometricsPlayground" */;
			developmentRegion = en;
			hasScannedForEncodings = 0;
			knownRegions = (
				en,
				Base,
			);
			mainGroup = 72293C0D2CD268D80002FC19;
			minimizedProjectReferenceProxies = 1;
			packageReferences = (
				729FDE142CD28E0000F9C060 /* XCLocalSwiftPackageReference "../../BiometricsVault" */,
			);
			preferredProjectObjectVersion = 77;
			productRefGroup = 72293C172CD268D80002FC19 /* Products */;
			projectDirPath = "";
			projectRoot = "";
			targets = (
				72293C152CD268D80002FC19 /* BiometricsPlayground */,
				72293C252CD268D90002FC19 /* BiometricsPlaygroundTests */,
				72293C2F2CD268D90002FC19 /* BiometricsPlaygroundUITests */,
			);
		};
/* End PBXProject section */

/* Begin PBXResourcesBuildPhase section */
		72293C142CD268D80002FC19 /* Resources */ = {
			isa = PBXResourcesBuildPhase;
			buildActionMask = 2147483647;
			files = (
			);
			runOnlyForDeploymentPostprocessing = 0;
		};
		72293C242CD268D90002FC19 /* Resources */ = {
			isa = PBXResourcesBuildPhase;
			buildActionMask = 2147483647;
			files = (
			);
			runOnlyForDeploymentPostprocessing = 0;
		};
		72293C2E2CD268D90002FC19 /* Resources */ = {
			isa = PBXResourcesBuildPhase;
			buildActionMask = 2147483647;
			files = (
			);
			runOnlyForDeploymentPostprocessing = 0;
		};
/* End PBXResourcesBuildPhase section */

/* Begin PBXSourcesBuildPhase section */
		72293C122CD268D80002FC19 /* Sources */ = {
			isa = PBXSourcesBuildPhase;
			buildActionMask = 2147483647;
			files = (
			);
			runOnlyForDeploymentPostprocessing = 0;
		};
		72293C222CD268D90002FC19 /* Sources */ = {
			isa = PBXSourcesBuildPhase;
			buildActionMask = 2147483647;
			files = (
			);
			runOnlyForDeploymentPostprocessing = 0;
		};
		72293C2C2CD268D90002FC19 /* Sources */ = {
			isa = PBXSourcesBuildPhase;
			buildActionMask = 2147483647;
			files = (
			);
			runOnlyForDeploymentPostprocessing = 0;
		};
/* End PBXSourcesBuildPhase section */

/* Begin PBXTargetDependency section */
		72293C282CD268D90002FC19 /* PBXTargetDependency */ = {
			isa = PBXTargetDependency;
			target = 72293C152CD268D80002FC19 /* BiometricsPlayground */;
			targetProxy = 72293C272CD268D90002FC19 /* PBXContainerItemProxy */;
		};
		72293C322CD268D90002FC19 /* PBXTargetDependency */ = {
			isa = PBXTargetDependency;
			target = 72293C152CD268D80002FC19 /* BiometricsPlayground */;
			targetProxy = 72293C312CD268D90002FC19 /* PBXContainerItemProxy */;
		};
/* End PBXTargetDependency section */

/* Begin XCBuildConfiguration section */
		72293C382CD268D90002FC19 /* Debug */ = {
			isa = XCBuildConfiguration;
			buildSettings = {
				ALWAYS_SEARCH_USER_PATHS = NO;
				ASSETCATALOG_COMPILER_GENERATE_SWIFT_ASSET_SYMBOL_EXTENSIONS = YES;
				CLANG_ANALYZER_NONNULL = YES;
				CLANG_ANALYZER_NUMBER_OBJECT_CONVERSION = YES_AGGRESSIVE;
				CLANG_CXX_LANGUAGE_STANDARD = "gnu++20";
				CLANG_ENABLE_MODULES = YES;
				CLANG_ENABLE_OBJC_ARC = YES;
				CLANG_ENABLE_OBJC_WEAK = YES;
				CLANG_WARN_BLOCK_CAPTURE_AUTORELEASING = YES;
				CLANG_WARN_BOOL_CONVERSION = YES;
				CLANG_WARN_COMMA = YES;
				CLANG_WARN_CONSTANT_CONVERSION = YES;
				CLANG_WARN_DEPRECATED_OBJC_IMPLEMENTATIONS = YES;
				CLANG_WARN_DIRECT_OBJC_ISA_USAGE = YES_ERROR;
				CLANG_WARN_DOCUMENTATION_COMMENTS = YES;
				CLANG_WARN_EMPTY_BODY = YES;
				CLANG_WARN_ENUM_CONVERSION = YES;
				CLANG_WARN_INFINITE_RECURSION = YES;
				CLANG_WARN_INT_CONVERSION = YES;
				CLANG_WARN_NON_LITERAL_NULL_CONVERSION = YES;
				CLANG_WARN_OBJC_IMPLICIT_RETAIN_SELF = YES;
				CLANG_WARN_OBJC_LITERAL_CONVERSION = YES;
				CLANG_WARN_OBJC_ROOT_CLASS = YES_ERROR;
				CLANG_WARN_QUOTED_INCLUDE_IN_FRAMEWORK_HEADER = YES;
				CLANG_WARN_RANGE_LOOP_ANALYSIS = YES;
				CLANG_WARN_STRICT_PROTOTYPES = YES;
				CLANG_WARN_SUSPICIOUS_MOVE = YES;
				CLANG_WARN_UNGUARDED_AVAILABILITY = YES_AGGRESSIVE;
				CLANG_WARN_UNREACHABLE_CODE = YES;
				CLANG_WARN__DUPLICATE_METHOD_MATCH = YES;
				COPY_PHASE_STRIP = NO;
				DEBUG_INFORMATION_FORMAT = dwarf;
				ENABLE_STRICT_OBJC_MSGSEND = YES;
				ENABLE_TESTABILITY = YES;
				ENABLE_USER_SCRIPT_SANDBOXING = YES;
				GCC_C_LANGUAGE_STANDARD = gnu17;
				GCC_DYNAMIC_NO_PIC = NO;
				GCC_NO_COMMON_BLOCKS = YES;
				GCC_OPTIMIZATION_LEVEL = 0;
				GCC_PREPROCESSOR_DEFINITIONS = (
					"DEBUG=1",
					"$(inherited)",
				);
				GCC_WARN_64_TO_32_BIT_CONVERSION = YES;
				GCC_WARN_ABOUT_RETURN_TYPE = YES_ERROR;
				GCC_WARN_UNDECLARED_SELECTOR = YES;
				GCC_WARN_UNINITIALIZED_AUTOS = YES_AGGRESSIVE;
				GCC_WARN_UNUSED_FUNCTION = YES;
				GCC_WARN_UNUSED_VARIABLE = YES;
				IPHONEOS_DEPLOYMENT_TARGET = 18.1;
				LOCALIZATION_PREFERS_STRING_CATALOGS = YES;
				MTL_ENABLE_DEBUG_INFO = INCLUDE_SOURCE;
				MTL_FAST_MATH = YES;
				ONLY_ACTIVE_ARCH = YES;
				SDKROOT = iphoneos;
				SWIFT_ACTIVE_COMPILATION_CONDITIONS = "DEBUG $(inherited)";
				SWIFT_OPTIMIZATION_LEVEL = "-Onone";
			};
			name = Debug;
		};
		72293C392CD268D90002FC19 /* Release */ = {
			isa = XCBuildConfiguration;
			buildSettings = {
				ALWAYS_SEARCH_USER_PATHS = NO;
				ASSETCATALOG_COMPILER_GENERATE_SWIFT_ASSET_SYMBOL_EXTENSIONS = YES;
				CLANG_ANALYZER_NONNULL = YES;
				CLANG_ANALYZER_NUMBER_OBJECT_CONVERSION = YES_AGGRESSIVE;
				CLANG_CXX_LANGUAGE_STANDARD = "gnu++20";
				CLANG_ENABLE_MODULES = YES;
				CLANG_ENABLE_OBJC_ARC = YES;
				CLANG_ENABLE_OBJC_WEAK = YES;
				CLANG_WARN_BLOCK_CAPTURE_AUTORELEASING = YES;
				CLANG_WARN_BOOL_CONVERSION = YES;
				CLANG_WARN_COMMA = YES;
				CLANG_WARN_CONSTANT_CONVERSION = YES;
				CLANG_WARN_DEPRECATED_OBJC_IMPLEMENTATIONS = YES;
				CLANG_WARN_DIRECT_OBJC_ISA_USAGE = YES_ERROR;
				CLANG_WARN_DOCUMENTATION_COMMENTS = YES;
				CLANG_WARN_EMPTY_BODY = YES;
				CLANG_WARN_ENUM_CONVERSION = YES;
				CLANG_WARN_INFINITE_RECURSION = YES;
				CLANG_WARN_INT_CONVERSION = YES;
				CLANG_WARN_NON_LITERAL_NULL_CONVERSION = YES;
				CLANG_WARN_OBJC_IMPLICIT_RETAIN_SELF = YES;
				CLANG_WARN_OBJC_LITERAL_CONVERSION = YES;
				CLANG_WARN_OBJC_ROOT_CLASS = YES_ERROR;
				CLANG_WARN_QUOTED_INCLUDE_IN_FRAMEWORK_HEADER = YES;
				CLANG_WARN_RANGE_LOOP_ANALYSIS = YES;
				CLANG_WARN_STRICT_PROTOTYPES = YES;
				CLANG_WARN_SUSPICIOUS_MOVE = YES;
				CLANG_WARN_UNGUARDED_AVAILABILITY = YES_AGGRESSIVE;
				CLANG_WARN_UNREACHABLE_CODE = YES;
				CLANG_WARN__DUPLICATE_METHOD_MATCH = YES;
				COPY_PHASE_STRIP = NO;
				DEBUG_INFORMATION_FORMAT = "dwarf-with-dsym";
				ENABLE_NS_ASSERTIONS = NO;
				ENABLE_STRICT_OBJC_MSGSEND = YES;
				ENABLE_USER_SCRIPT_SANDBOXING = YES;
				GCC_C_LANGUAGE_STANDARD = gnu17;
				GCC_NO_COMMON_BLOCKS = YES;
				GCC_WARN_64_TO_32_BIT_CONVERSION = YES;
				GCC_WARN_ABOUT_RETURN_TYPE = YES_ERROR;
				GCC_WARN_UNDECLARED_SELECTOR = YES;
				GCC_WARN_UNINITIALIZED_AUTOS = YES_AGGRESSIVE;
				GCC_WARN_UNUSED_FUNCTION = YES;
				GCC_WARN_UNUSED_VARIABLE = YES;
				IPHONEOS_DEPLOYMENT_TARGET = 18.1;
				LOCALIZATION_PREFERS_STRING_CATALOGS = YES;
				MTL_ENABLE_DEBUG_INFO = NO;
				MTL_FAST_MATH = YES;
				SDKROOT = iphoneos;
				SWIFT_COMPILATION_MODE = wholemodule;
				VALIDATE_PRODUCT = YES;
			};
			name = Release;
		};
		72293C3B2CD268D90002FC19 /* Debug */ = {
			isa = XCBuildConfiguration;
			buildSettings = {
				ASSETCATALOG_COMPILER_APPICON_NAME = AppIcon;
				ASSETCATALOG_COMPILER_GLOBAL_ACCENT_COLOR_NAME = AccentColor;
				CODE_SIGN_IDENTITY = "Apple Development";
				CODE_SIGN_STYLE = Automatic;
				CURRENT_PROJECT_VERSION = 1;
				DEVELOPMENT_ASSET_PATHS = "\"BiometricsPlayground/Preview Content\"";
				DEVELOPMENT_TEAM = 859ZQDY286;
				ENABLE_PREVIEWS = YES;
				GENERATE_INFOPLIST_FILE = YES;
				INFOPLIST_KEY_NSFaceIDUsageDescription = "Protect your data";
				INFOPLIST_KEY_UIApplicationSceneManifest_Generation = YES;
				INFOPLIST_KEY_UIApplicationSupportsIndirectInputEvents = YES;
				INFOPLIST_KEY_UILaunchScreen_Generation = YES;
				INFOPLIST_KEY_UISupportedInterfaceOrientations_iPad = "UIInterfaceOrientationPortrait UIInterfaceOrientationPortraitUpsideDown UIInterfaceOrientationLandscapeLeft UIInterfaceOrientationLandscapeRight";
				INFOPLIST_KEY_UISupportedInterfaceOrientations_iPhone = "UIInterfaceOrientationPortrait UIInterfaceOrientationLandscapeLeft UIInterfaceOrientationLandscapeRight";
				LD_RUNPATH_SEARCH_PATHS = (
					"$(inherited)",
					"@executable_path/Frameworks",
				);
				MARKETING_VERSION = 1.0;
				PRODUCT_BUNDLE_IDENTIFIER = gr.totalbusiness.ios.dev;
				PRODUCT_NAME = "$(TARGET_NAME)";
				PROVISIONING_PROFILE_SPECIFIER = "";
				SWIFT_EMIT_LOC_STRINGS = YES;
				SWIFT_VERSION = 6.0;
				TARGETED_DEVICE_FAMILY = "1,2";
			};
			name = Debug;
		};
		72293C3C2CD268D90002FC19 /* Release */ = {
			isa = XCBuildConfiguration;
			buildSettings = {
				ASSETCATALOG_COMPILER_APPICON_NAME = AppIcon;
				ASSETCATALOG_COMPILER_GLOBAL_ACCENT_COLOR_NAME = AccentColor;
				CODE_SIGN_IDENTITY = "Apple Development";
				CODE_SIGN_STYLE = Automatic;
				CURRENT_PROJECT_VERSION = 1;
				DEVELOPMENT_ASSET_PATHS = "\"BiometricsPlayground/Preview Content\"";
				DEVELOPMENT_TEAM = 859ZQDY286;
				ENABLE_PREVIEWS = YES;
				GENERATE_INFOPLIST_FILE = YES;
				INFOPLIST_KEY_NSFaceIDUsageDescription = "Protect your data";
				INFOPLIST_KEY_UIApplicationSceneManifest_Generation = YES;
				INFOPLIST_KEY_UIApplicationSupportsIndirectInputEvents = YES;
				INFOPLIST_KEY_UILaunchScreen_Generation = YES;
				INFOPLIST_KEY_UISupportedInterfaceOrientations_iPad = "UIInterfaceOrientationPortrait UIInterfaceOrientationPortraitUpsideDown UIInterfaceOrientationLandscapeLeft UIInterfaceOrientationLandscapeRight";
				INFOPLIST_KEY_UISupportedInterfaceOrientations_iPhone = "UIInterfaceOrientationPortrait UIInterfaceOrientationLandscapeLeft UIInterfaceOrientationLandscapeRight";
				LD_RUNPATH_SEARCH_PATHS = (
					"$(inherited)",
					"@executable_path/Frameworks",
				);
				MARKETING_VERSION = 1.0;
				PRODUCT_BUNDLE_IDENTIFIER = gr.totalbusiness.ios.dev;
				PRODUCT_NAME = "$(TARGET_NAME)";
				PROVISIONING_PROFILE_SPECIFIER = "";
				SWIFT_EMIT_LOC_STRINGS = YES;
				SWIFT_VERSION = 6.0;
				TARGETED_DEVICE_FAMILY = "1,2";
			};
			name = Release;
		};
		72293C3E2CD268D90002FC19 /* Debug */ = {
			isa = XCBuildConfiguration;
			buildSettings = {
				BUNDLE_LOADER = "$(TEST_HOST)";
				CODE_SIGN_STYLE = Automatic;
				CURRENT_PROJECT_VERSION = 1;
				GENERATE_INFOPLIST_FILE = YES;
				IPHONEOS_DEPLOYMENT_TARGET = 18.1;
				MARKETING_VERSION = 1.0;
				PRODUCT_BUNDLE_IDENTIFIER = koxaras.com.BiometricsPlaygroundTests;
				PRODUCT_NAME = "$(TARGET_NAME)";
				SWIFT_EMIT_LOC_STRINGS = NO;
				SWIFT_VERSION = 5.0;
				TARGETED_DEVICE_FAMILY = "1,2";
				TEST_HOST = "$(BUILT_PRODUCTS_DIR)/BiometricsPlayground.app/$(BUNDLE_EXECUTABLE_FOLDER_PATH)/BiometricsPlayground";
			};
			name = Debug;
		};
		72293C3F2CD268D90002FC19 /* Release */ = {
			isa = XCBuildConfiguration;
			buildSettings = {
				BUNDLE_LOADER = "$(TEST_HOST)";
				CODE_SIGN_STYLE = Automatic;
				CURRENT_PROJECT_VERSION = 1;
				GENERATE_INFOPLIST_FILE = YES;
				IPHONEOS_DEPLOYMENT_TARGET = 18.1;
				MARKETING_VERSION = 1.0;
				PRODUCT_BUNDLE_IDENTIFIER = koxaras.com.BiometricsPlaygroundTests;
				PRODUCT_NAME = "$(TARGET_NAME)";
				SWIFT_EMIT_LOC_STRINGS = NO;
				SWIFT_VERSION = 5.0;
				TARGETED_DEVICE_FAMILY = "1,2";
				TEST_HOST = "$(BUILT_PRODUCTS_DIR)/BiometricsPlayground.app/$(BUNDLE_EXECUTABLE_FOLDER_PATH)/BiometricsPlayground";
			};
			name = Release;
		};
		72293C412CD268D90002FC19 /* Debug */ = {
			isa = XCBuildConfiguration;
			buildSettings = {
				CODE_SIGN_STYLE = Automatic;
				CURRENT_PROJECT_VERSION = 1;
				GENERATE_INFOPLIST_FILE = YES;
				MARKETING_VERSION = 1.0;
				PRODUCT_BUNDLE_IDENTIFIER = koxaras.com.BiometricsPlaygroundUITests;
				PRODUCT_NAME = "$(TARGET_NAME)";
				SWIFT_EMIT_LOC_STRINGS = NO;
				SWIFT_VERSION = 5.0;
				TARGETED_DEVICE_FAMILY = "1,2";
				TEST_TARGET_NAME = BiometricsPlayground;
			};
			name = Debug;
		};
		72293C422CD268D90002FC19 /* Release */ = {
			isa = XCBuildConfiguration;
			buildSettings = {
				CODE_SIGN_STYLE = Automatic;
				CURRENT_PROJECT_VERSION = 1;
				GENERATE_INFOPLIST_FILE = YES;
				MARKETING_VERSION = 1.0;
				PRODUCT_BUNDLE_IDENTIFIER = koxaras.com.BiometricsPlaygroundUITests;
				PRODUCT_NAME = "$(TARGET_NAME)";
				SWIFT_EMIT_LOC_STRINGS = NO;
				SWIFT_VERSION = 5.0;
				TARGETED_DEVICE_FAMILY = "1,2";
				TEST_TARGET_NAME = BiometricsPlayground;
			};
			name = Release;
		};
/* End XCBuildConfiguration section */

/* Begin XCConfigurationList section */
		72293C112CD268D80002FC19 /* Build configuration list for PBXProject "BiometricsPlayground" */ = {
			isa = XCConfigurationList;
			buildConfigurations = (
				72293C382CD268D90002FC19 /* Debug */,
				72293C392CD268D90002FC19 /* Release */,
			);
			defaultConfigurationIsVisible = 0;
			defaultConfigurationName = Release;
		};
		72293C3A2CD268D90002FC19 /* Build configuration list for PBXNativeTarget "BiometricsPlayground" */ = {
			isa = XCConfigurationList;
			buildConfigurations = (
				72293C3B2CD268D90002FC19 /* Debug */,
				72293C3C2CD268D90002FC19 /* Release */,
			);
			defaultConfigurationIsVisible = 0;
			defaultConfigurationName = Release;
		};
		72293C3D2CD268D90002FC19 /* Build configuration list for PBXNativeTarget "BiometricsPlaygroundTests" */ = {
			isa = XCConfigurationList;
			buildConfigurations = (
				72293C3E2CD268D90002FC19 /* Debug */,
				72293C3F2CD268D90002FC19 /* Release */,
			);
			defaultConfigurationIsVisible = 0;
			defaultConfigurationName = Release;
		};
		72293C402CD268D90002FC19 /* Build configuration list for PBXNativeTarget "BiometricsPlaygroundUITests" */ = {
			isa = XCConfigurationList;
			buildConfigurations = (
				72293C412CD268D90002FC19 /* Debug */,
				72293C422CD268D90002FC19 /* Release */,
			);
			defaultConfigurationIsVisible = 0;
			defaultConfigurationName = Release;
		};
/* End XCConfigurationList section */

/* Begin XCLocalSwiftPackageReference section */
		729FDE142CD28E0000F9C060 /* XCLocalSwiftPackageReference "../../BiometricsVault" */ = {
			isa = XCLocalSwiftPackageReference;
			relativePath = ../../BiometricsVault;
		};
/* End XCLocalSwiftPackageReference section */

/* Begin XCSwiftPackageProductDependency section */
		729FDE152CD28E0000F9C060 /* BiometricsVault */ = {
			isa = XCSwiftPackageProductDependency;
			productName = BiometricsVault;
		};
/* End XCSwiftPackageProductDependency section */
	};
	rootObject = 72293C0E2CD268D80002FC19 /* Project object */;
}
